
Microsoft Visual Studio Solution File, Format Version 11.00
# Visual Studio 2010
Project("{8BC9CEB8-8B4A-11D0-8D11-00A0C91BC942}") = "LKfinal", "LKfinal\LKfinal.vcxproj", "{C7BE06C3-8446-4D20-B0B0-43B82D0011DE}"
	ProjectSection(ProjectDependencies) = postProject
		{43AE0071-5C64-4A52-B446-D689C8FD2085} = {43AE0071-5C64-4A52-B446-D689C8FD2085}
	EndProjectSection
EndProject
Project("{8BC9CEB8-8B4A-11D0-8D11-00A0C91BC942}") = "Blepo", "..\..\..\..\..\..\Blepo\blepo\src\Blepo.vcxproj", "{43AE0071-5C64-4A52-B446-D689C8FD2085}"
EndProject
Global
	GlobalSection(SolutionConfigurationPlatforms) = preSolution
		Debug|Win32 = Debug|Win32
		Release|Win32 = Release|Win32
	EndGlobalSection
	GlobalSection(ProjectConfigurationPlatforms) = postSolution
		{C7BE06C3-8446-4D20-B0B0-43B82D0011DE}.Debug|Win32.ActiveCfg = Debug|Win32
		{C7BE06C3-8446-4D20-B0B0-43B82D0011DE}.Debug|Win32.Build.0 = Debug|Win32
		{C7BE06C3-8446-4D20-B0B0-43B82D0011DE}.Release|Win32.ActiveCfg = Release|Win32
		{C7BE06C3-8446-4D20-B0B0-43B82D0011DE}.Release|Win32.Build.0 = Release|Win32
		{43AE0071-5C64-4A52-B446-D689C8FD2085}.Debug|Win32.ActiveCfg = Debug|Win32
		{43AE0071-5C64-4A52-B446-D689C8FD2085}.Debug|Win32.Build.0 = Debug|Win32
		{43AE0071-5C64-4A52-B446-D689C8FD2085}.Release|Win32.ActiveCfg = Release|Win32
		{43AE0071-5C64-4A52-B446-D689C8FD2085}.Release|Win32.Build.0 = Release|Win32
	EndGlobalSection
	GlobalSection(SolutionProperties) = preSolution
		HideSolutionNode = FALSE
	EndGlobalSection
EndGlobal
