
Microsoft Visual Studio Solution File, Format Version 11.00
# Visual Studio 2010
Project("{8BC9CEB8-8B4A-11D0-8D11-00A0C91BC942}") = "assignment33", "assignment33\assignment33.vcxproj", "{F60C2904-E8CB-44B0-B0E0-B65DF8B9CAF4}"
	ProjectSection(ProjectDependencies) = postProject
		{43AE0071-5C64-4A52-B446-D689C8FD2085} = {43AE0071-5C64-4A52-B446-D689C8FD2085}
	EndProjectSection
EndProject
Project("{8BC9CEB8-8B4A-11D0-8D11-00A0C91BC942}") = "Blepo", "..\..\..\..\..\..\Blepo\blepo\src\Blepo.vcxproj", "{43AE0071-5C64-4A52-B446-D689C8FD2085}"
EndProject
Global
	GlobalSection(SolutionConfigurationPlatforms) = preSolution
		Debug|Win32 = Debug|Win32
		Release|Win32 = Release|Win32
	EndGlobalSection
	GlobalSection(ProjectConfigurationPlatforms) = postSolution
		{F60C2904-E8CB-44B0-B0E0-B65DF8B9CAF4}.Debug|Win32.ActiveCfg = Debug|Win32
		{F60C2904-E8CB-44B0-B0E0-B65DF8B9CAF4}.Debug|Win32.Build.0 = Debug|Win32
		{F60C2904-E8CB-44B0-B0E0-B65DF8B9CAF4}.Release|Win32.ActiveCfg = Release|Win32
		{F60C2904-E8CB-44B0-B0E0-B65DF8B9CAF4}.Release|Win32.Build.0 = Release|Win32
		{43AE0071-5C64-4A52-B446-D689C8FD2085}.Debug|Win32.ActiveCfg = Debug|Win32
		{43AE0071-5C64-4A52-B446-D689C8FD2085}.Debug|Win32.Build.0 = Debug|Win32
		{43AE0071-5C64-4A52-B446-D689C8FD2085}.Release|Win32.ActiveCfg = Release|Win32
		{43AE0071-5C64-4A52-B446-D689C8FD2085}.Release|Win32.Build.0 = Release|Win32
	EndGlobalSection
	GlobalSection(SolutionProperties) = preSolution
		HideSolutionNode = FALSE
	EndGlobalSection
EndGlobal
